
Microsoft Visual Studio Solution File, Format Version 12.00
# Visual Studio Version 16
VisualStudioVersion = 16.0.30114.105
MinimumVisualStudioVersion = 10.0.40219.1
Project("{888888A0-9F3D-457C-B088-3A5042F75D52}") = "Python_OCR文字识别", "Python_OCR文字识别.pyproj", "{53454C25-25E5-4401-8853-5B81A3B73649}"
EndProject
Global
	GlobalSection(SolutionConfigurationPlatforms) = preSolution
		Debug|Any CPU = Debug|Any CPU
		Release|Any CPU = Release|Any CPU
	EndGlobalSection
	GlobalSection(ProjectConfigurationPlatforms) = postSolution
		{53454C25-25E5-4401-8853-5B81A3B73649}.Debug|Any CPU.ActiveCfg = Debug|Any CPU
		{53454C25-25E5-4401-8853-5B81A3B73649}.Release|Any CPU.ActiveCfg = Release|Any CPU
	EndGlobalSection
	GlobalSection(SolutionProperties) = preSolution
		HideSolutionNode = FALSE
	EndGlobalSection
	GlobalSection(ExtensibilityGlobals) = postSolution
		SolutionGuid = {C2F5BE16-58D4-414B-AA08-F571DC787DF8}
	EndGlobalSection
EndGlobal
