
Microsoft Visual Studio Solution File, Format Version 12.00
# Visual Studio Version 16
VisualStudioVersion = 16.0.30320.27
MinimumVisualStudioVersion = 10.0.40219.1
Project("{888888A0-9F3D-457C-B088-3A5042F75D52}") = "Python_OCR文字识别", "Python_OCR文字识别.pyproj", "{86F03A21-86F2-4F52-92CE-87240B8390B6}"
EndProject
Global
	GlobalSection(SolutionConfigurationPlatforms) = preSolution
		Debug|Any CPU = Debug|Any CPU
		Release|Any CPU = Release|Any CPU
	EndGlobalSection
	GlobalSection(ProjectConfigurationPlatforms) = postSolution
		{86F03A21-86F2-4F52-92CE-87240B8390B6}.Debug|Any CPU.ActiveCfg = Debug|Any CPU
		{86F03A21-86F2-4F52-92CE-87240B8390B6}.Release|Any CPU.ActiveCfg = Release|Any CPU
	EndGlobalSection
	GlobalSection(SolutionProperties) = preSolution
		HideSolutionNode = FALSE
	EndGlobalSection
	GlobalSection(ExtensibilityGlobals) = postSolution
		SolutionGuid = {A837E5EE-0A35-4423-9386-864312FB88E1}
	EndGlobalSection
EndGlobal
